
Microsoft Visual Studio Solution File, Format Version 12.00
# Visual Studio Version 16
VisualStudioVersion = 16.0.29215.179
MinimumVisualStudioVersion = 10.0.40219.1
Project("{FAE04EC0-301F-11D3-BF4B-00C04F79EFBC}") = "InheritAndPolymorphism", "InheritAndPolymorphism\InheritAndPolymorphism.csproj", "{7DA567D3-F0AF-4D74-BD8F-4617815C5D35}"
EndProject
Global
	GlobalSection(SolutionConfigurationPlatforms) = preSolution
		Debug|Any CPU = Debug|Any CPU
		Release|Any CPU = Release|Any CPU
	EndGlobalSection
	GlobalSection(ProjectConfigurationPlatforms) = postSolution
		{7DA567D3-F0AF-4D74-BD8F-4617815C5D35}.Debug|Any CPU.ActiveCfg = Debug|Any CPU
		{7DA567D3-F0AF-4D74-BD8F-4617815C5D35}.Debug|Any CPU.Build.0 = Debug|Any CPU
		{7DA567D3-F0AF-4D74-BD8F-4617815C5D35}.Release|Any CPU.ActiveCfg = Release|Any CPU
		{7DA567D3-F0AF-4D74-BD8F-4617815C5D35}.Release|Any CPU.Build.0 = Release|Any CPU
	EndGlobalSection
	GlobalSection(SolutionProperties) = preSolution
		HideSolutionNode = FALSE
	EndGlobalSection
	GlobalSection(ExtensibilityGlobals) = postSolution
		SolutionGuid = {9BE3C3C9-E460-4934-A3FF-672F0BB04798}
	EndGlobalSection
EndGlobal
